
Microsoft Visual Studio Solution File, Format Version 12.00
# Visual Studio Version 16
VisualStudioVersion = 16.0.30717.126
MinimumVisualStudioVersion = 10.0.40219.1
Project("{FAE04EC0-301F-11D3-BF4B-00C04F79EFBC}") = "Circuits and Physics Calculator", "Circuits and Physics Calculator.csproj", "{B408E50A-E596-407B-A0F4-E64EEA3C84F7}"
EndProject
Global
	GlobalSection(SolutionConfigurationPlatforms) = preSolution
		Debug|Any CPU = Debug|Any CPU
		Release|Any CPU = Release|Any CPU
	EndGlobalSection
	GlobalSection(ProjectConfigurationPlatforms) = postSolution
		{B408E50A-E596-407B-A0F4-E64EEA3C84F7}.Debug|Any CPU.ActiveCfg = Debug|Any CPU
		{B408E50A-E596-407B-A0F4-E64EEA3C84F7}.Debug|Any CPU.Build.0 = Debug|Any CPU
		{B408E50A-E596-407B-A0F4-E64EEA3C84F7}.Release|Any CPU.ActiveCfg = Release|Any CPU
		{B408E50A-E596-407B-A0F4-E64EEA3C84F7}.Release|Any CPU.Build.0 = Release|Any CPU
	EndGlobalSection
	GlobalSection(SolutionProperties) = preSolution
		HideSolutionNode = FALSE
	EndGlobalSection
	GlobalSection(ExtensibilityGlobals) = postSolution
		SolutionGuid = {F5816CB5-2A25-40E1-8B57-5B909C27353C}
	EndGlobalSection
EndGlobal
